
Microsoft Visual Studio Solution File, Format Version 12.00
# Visual Studio Version 17
VisualStudioVersion = 17.14.36603.0 d17.14
MinimumVisualStudioVersion = 10.0.40219.1
Project("{FAE04EC0-301F-11D3-BF4B-00C04F79EFBC}") = "ASM_1", "ASM_1.csproj", "{1AF94150-FE4B-2F88-7728-C3510259DCED}"
EndProject
Global
	GlobalSection(SolutionConfigurationPlatforms) = preSolution
		Debug|Any CPU = Debug|Any CPU
		Release|Any CPU = Release|Any CPU
	EndGlobalSection
	GlobalSection(ProjectConfigurationPlatforms) = postSolution
		{1AF94150-FE4B-2F88-7728-C3510259DCED}.Debug|Any CPU.ActiveCfg = Debug|Any CPU
		{1AF94150-FE4B-2F88-7728-C3510259DCED}.Debug|Any CPU.Build.0 = Debug|Any CPU
		{1AF94150-FE4B-2F88-7728-C3510259DCED}.Release|Any CPU.ActiveCfg = Release|Any CPU
		{1AF94150-FE4B-2F88-7728-C3510259DCED}.Release|Any CPU.Build.0 = Release|Any CPU
	EndGlobalSection
	GlobalSection(SolutionProperties) = preSolution
		HideSolutionNode = FALSE
	EndGlobalSection
	GlobalSection(ExtensibilityGlobals) = postSolution
		SolutionGuid = {DCDAED54-CB1A-43BB-A419-BE84728D8953}
	EndGlobalSection
EndGlobal
